# This file is automatically @generated by Cargo.
version = 3

[[package]]
name = "app"
version = "0.1.0"
dependencies = [
 "lib-a",
 "proptest",
 "serde",
 "winnowish 0.6.1",
]

[[package]]
name = "lib-a"
version = "0.2.0"
dependencies = [
 "serde",
 "winnowish 0.5.0",
]

[[package]]
name = "proptest"
version = "1.0.0"
source = "registry+https://github.com/rust-lang/crates.io-index"

[[package]]
name = "serde"
version = "1.0.0"
source = "registry+https://github.com/rust-lang/crates.io-index"

[[package]]
name = "winnowish"
version = "0.5.0"
source = "registry+https://github.com/rust-lang/crates.io-index"

[[package]]
name = "winnowish"
version = "0.6.1"
source = "registry+https://github.com/rust-lang/crates.io-index"
